
Microsoft Visual Studio Solution File, Format Version 12.00
# Visual Studio Version 17
VisualStudioVersion = 17.0.32126.317
MinimumVisualStudioVersion = 10.0.40219.1
Project("{9A19103F-16F7-4668-BE54-9A1E7A4F7556}") = "ResidenceManagement.Domain", "ResidenceManagement.Domain\ResidenceManagement.Domain.csproj", "{D36E10CA-7E8C-425F-8BE1-A144EBC16738}"
EndProject
Project("{9A19103F-16F7-4668-BE54-9A1E7A4F7556}") = "ResidenceManagement.Application", "ResidenceManagement.Application\ResidenceManagement.Application.csproj", "{14DA2B95-2C23-4E87-8A9F-29709E83ACA7}"
EndProject
Project("{9A19103F-16F7-4668-BE54-9A1E7A4F7556}") = "ResidenceManagement.Infrastructure", "ResidenceManagement.Infrastructure\ResidenceManagement.Infrastructure.csproj", "{00935200-30DC-4928-B173-735885AEC782}"
EndProject
Project("{9A19103F-16F7-4668-BE54-9A1E7A4F7556}") = "ResidenceManagement.API", "ResidenceManagement.API\ResidenceManagement.API.csproj", "{E39BFACB-E32E-4632-914C-4E20C33A0E09}"
EndProject
Project("{9A19103F-16F7-4668-BE54-9A1E7A4F7556}") = "PaymentService.API", "PaymentService.API\PaymentService.API.csproj", "{DEE37314-E519-4012-A7FC-47916EE79948}"
EndProject
Global
	GlobalSection(SolutionConfigurationPlatforms) = preSolution
		Debug|Any CPU = Debug|Any CPU
		Release|Any CPU = Release|Any CPU
	EndGlobalSection
	GlobalSection(ProjectConfigurationPlatforms) = postSolution
		{D36E10CA-7E8C-425F-8BE1-A144EBC16738}.Debug|Any CPU.ActiveCfg = Debug|Any CPU
		{D36E10CA-7E8C-425F-8BE1-A144EBC16738}.Debug|Any CPU.Build.0 = Debug|Any CPU
		{D36E10CA-7E8C-425F-8BE1-A144EBC16738}.Release|Any CPU.ActiveCfg = Release|Any CPU
		{D36E10CA-7E8C-425F-8BE1-A144EBC16738}.Release|Any CPU.Build.0 = Release|Any CPU
		{14DA2B95-2C23-4E87-8A9F-29709E83ACA7}.Debug|Any CPU.ActiveCfg = Debug|Any CPU
		{14DA2B95-2C23-4E87-8A9F-29709E83ACA7}.Debug|Any CPU.Build.0 = Debug|Any CPU
		{14DA2B95-2C23-4E87-8A9F-29709E83ACA7}.Release|Any CPU.ActiveCfg = Release|Any CPU
		{14DA2B95-2C23-4E87-8A9F-29709E83ACA7}.Release|Any CPU.Build.0 = Release|Any CPU
		{00935200-30DC-4928-B173-735885AEC782}.Debug|Any CPU.ActiveCfg = Debug|Any CPU
		{00935200-30DC-4928-B173-735885AEC782}.Debug|Any CPU.Build.0 = Debug|Any CPU
		{00935200-30DC-4928-B173-735885AEC782}.Release|Any CPU.ActiveCfg = Release|Any CPU
		{00935200-30DC-4928-B173-735885AEC782}.Release|Any CPU.Build.0 = Release|Any CPU
		{E39BFACB-E32E-4632-914C-4E20C33A0E09}.Debug|Any CPU.ActiveCfg = Debug|Any CPU
		{E39BFACB-E32E-4632-914C-4E20C33A0E09}.Debug|Any CPU.Build.0 = Debug|Any CPU
		{E39BFACB-E32E-4632-914C-4E20C33A0E09}.Release|Any CPU.ActiveCfg = Release|Any CPU
		{E39BFACB-E32E-4632-914C-4E20C33A0E09}.Release|Any CPU.Build.0 = Release|Any CPU
		{DEE37314-E519-4012-A7FC-47916EE79948}.Debug|Any CPU.ActiveCfg = Debug|Any CPU
		{DEE37314-E519-4012-A7FC-47916EE79948}.Debug|Any CPU.Build.0 = Debug|Any CPU
		{DEE37314-E519-4012-A7FC-47916EE79948}.Release|Any CPU.ActiveCfg = Release|Any CPU
		{DEE37314-E519-4012-A7FC-47916EE79948}.Release|Any CPU.Build.0 = Release|Any CPU
	EndGlobalSection
	GlobalSection(SolutionProperties) = preSolution
		HideSolutionNode = FALSE
	EndGlobalSection
	GlobalSection(ExtensibilityGlobals) = postSolution
		SolutionGuid = {F84BFE41-86FA-41F6-8E71-1BF4D57079FD}
	EndGlobalSection
EndGlobal
